// !$*UTF8*$!
{
	archiveVersion = 1;
	classes = {
	};
	objectVersion = 56;
	objects = {

/* Begin PBXBuildFile section */
		5312712F2C7E352400F5AF25 /* MainSection.swift in Sources */ = {isa = PBXBuildFile; fileRef = 5312712E2C7E352400F5AF25 /* MainSection.swift */; };
		5320E8052C745EC600F01CC1 /* UserProfileResponse.swift in Sources */ = {isa = PBXBuildFile; fileRef = 5320E8042C745EC600F01CC1 /* UserProfileResponse.swift */; };
		5320E8082C747B4000F01CC1 /* ImageResponse.swift in Sources */ = {isa = PBXBuildFile; fileRef = 5320E8072C747B4000F01CC1 /* ImageResponse.swift */; };
		5320E80A2C747D7100F01CC1 /* UploadPostQuery.swift in Sources */ = {isa = PBXBuildFile; fileRef = 5320E8092C747D7100F01CC1 /* UploadPostQuery.swift */; };
		5320E80C2C747F4F00F01CC1 /* PostResponse.swift in Sources */ = {isa = PBXBuildFile; fileRef = 5320E80B2C747F4F00F01CC1 /* PostResponse.swift */; };
		5320E80F2C74862F00F01CC1 /* PostModel.swift in Sources */ = {isa = PBXBuildFile; fileRef = 5320E80E2C74862F00F01CC1 /* PostModel.swift */; };
		5320E8142C7488C300F01CC1 /* String+Extension.swift in Sources */ = {isa = PBXBuildFile; fileRef = 5320E8132C7488C300F01CC1 /* String+Extension.swift */; };
		534249A72C7C95B4005E0206 /* NaivagionBaseViewController.swift in Sources */ = {isa = PBXBuildFile; fileRef = 534249A62C7C95B4005E0206 /* NaivagionBaseViewController.swift */; };
		534249A92C7C95EB005E0206 /* BlackLeftBarButtonItem.swift in Sources */ = {isa = PBXBuildFile; fileRef = 534249A82C7C95EB005E0206 /* BlackLeftBarButtonItem.swift */; };
		534249AF2C7CE14A005E0206 /* GiftInformationView.swift in Sources */ = {isa = PBXBuildFile; fileRef = 534249AE2C7CE14A005E0206 /* GiftInformationView.swift */; };
		53456A612C72DF5D00FB2B48 /* AppDelegate.swift in Sources */ = {isa = PBXBuildFile; fileRef = 53456A602C72DF5D00FB2B48 /* AppDelegate.swift */; };
		53456A632C72DF5D00FB2B48 /* SceneDelegate.swift in Sources */ = {isa = PBXBuildFile; fileRef = 53456A622C72DF5D00FB2B48 /* SceneDelegate.swift */; };
		53456A6A2C72DF5F00FB2B48 /* Assets.xcassets in Resources */ = {isa = PBXBuildFile; fileRef = 53456A692C72DF5F00FB2B48 /* Assets.xcassets */; };
		53456A6D2C72DF5F00FB2B48 /* Base in Resources */ = {isa = PBXBuildFile; fileRef = 53456A6C2C72DF5F00FB2B48 /* Base */; };
		53456A752C72E01200FB2B48 /* .gitignore in Resources */ = {isa = PBXBuildFile; fileRef = 53456A742C72E01200FB2B48 /* .gitignore */; };
		53A4291A2C74AC560019FC95 /* PostsResponse.swift in Sources */ = {isa = PBXBuildFile; fileRef = 53A429192C74AC560019FC95 /* PostsResponse.swift */; };
		53A4291C2C74AF9C0019FC95 /* LikeDTO.swift in Sources */ = {isa = PBXBuildFile; fileRef = 53A4291B2C74AF9C0019FC95 /* LikeDTO.swift */; };
		53A429382C7603C80019FC95 /* SearchUserReponse.swift in Sources */ = {isa = PBXBuildFile; fileRef = 53A429372C7603C80019FC95 /* SearchUserReponse.swift */; };
		53A4293A2C7605C80019FC95 /* FollowResponse.swift in Sources */ = {isa = PBXBuildFile; fileRef = 53A429392C7605C80019FC95 /* FollowResponse.swift */; };
		53A4293E2C760E8B0019FC95 /* MainTabBarController.swift in Sources */ = {isa = PBXBuildFile; fileRef = 53A4293D2C760E8B0019FC95 /* MainTabBarController.swift */; };
		53A429412C7610150019FC95 /* Then.swift in Sources */ = {isa = PBXBuildFile; fileRef = 53A429402C7610150019FC95 /* Then.swift */; };
		53A429442C76102D0019FC95 /* MainGiftViewController.swift in Sources */ = {isa = PBXBuildFile; fileRef = 53A429432C76102D0019FC95 /* MainGiftViewController.swift */; };
		53A429472C7610400019FC95 /* SnapKit in Frameworks */ = {isa = PBXBuildFile; productRef = 53A429462C7610400019FC95 /* SnapKit */; };
		53A4294A2C7610530019FC95 /* RxCocoa in Frameworks */ = {isa = PBXBuildFile; productRef = 53A429492C7610530019FC95 /* RxCocoa */; };
		53A4294C2C7610530019FC95 /* RxSwift in Frameworks */ = {isa = PBXBuildFile; productRef = 53A4294B2C7610530019FC95 /* RxSwift */; };
		53A429512C7610A10019FC95 /* ProfileCollectionViewCell.swift in Sources */ = {isa = PBXBuildFile; fileRef = 53A429502C7610A10019FC95 /* ProfileCollectionViewCell.swift */; };
		53A429562C7637830019FC95 /* ProfileView.swift in Sources */ = {isa = PBXBuildFile; fileRef = 53A429552C7637830019FC95 /* ProfileView.swift */; };
		53A429582C7637B10019FC95 /* MainGiftViewModel.swift in Sources */ = {isa = PBXBuildFile; fileRef = 53A429572C7637B10019FC95 /* MainGiftViewModel.swift */; };
		53A4295A2C763A8C0019FC95 /* ReuseIdentifiable.swift in Sources */ = {isa = PBXBuildFile; fileRef = 53A429592C763A8C0019FC95 /* ReuseIdentifiable.swift */; };
		53A4295D2C763DF30019FC95 /* Differentiator in Frameworks */ = {isa = PBXBuildFile; productRef = 53A4295C2C763DF30019FC95 /* Differentiator */; };
		53A4295F2C763DF30019FC95 /* RxDataSources in Frameworks */ = {isa = PBXBuildFile; productRef = 53A4295E2C763DF30019FC95 /* RxDataSources */; };
		53A429612C7651970019FC95 /* UIView+Extension.swift in Sources */ = {isa = PBXBuildFile; fileRef = 53A429602C7651970019FC95 /* UIView+Extension.swift */; };
		53A429832C772EB90019FC95 /* ContentSize.swift in Sources */ = {isa = PBXBuildFile; fileRef = 53A429822C772EB90019FC95 /* ContentSize.swift */; };
		53BBBDC82C79BC1E00ADA499 /* GiftCollectionViewCell.swift in Sources */ = {isa = PBXBuildFile; fileRef = 53BBBDC72C79BC1E00ADA499 /* GiftCollectionViewCell.swift */; };
		53BBBDCA2C79C7D900ADA499 /* ContentUserProfileView.swift in Sources */ = {isa = PBXBuildFile; fileRef = 53BBBDC92C79C7D900ADA499 /* ContentUserProfileView.swift */; };
		53BBBDCD2C79CC1600ADA499 /* Kingfisher in Frameworks */ = {isa = PBXBuildFile; productRef = 53BBBDCC2C79CC1600ADA499 /* Kingfisher */; };
		53BBBDD02C7B9CEA00ADA499 /* GiftCollectionViewCellViewModel.swift in Sources */ = {isa = PBXBuildFile; fileRef = 53BBBDCF2C7B9CEA00ADA499 /* GiftCollectionViewCellViewModel.swift */; };
		53BBBDD32C7B9D7F00ADA499 /* DetailGiftViewController.swift in Sources */ = {isa = PBXBuildFile; fileRef = 53BBBDD22C7B9D7F00ADA499 /* DetailGiftViewController.swift */; };
		53BBBDD52C7B9E5D00ADA499 /* DetailGiftViewModel.swift in Sources */ = {isa = PBXBuildFile; fileRef = 53BBBDD42C7B9E5D00ADA499 /* DetailGiftViewModel.swift */; };
		53D196A62C7CF73400301C32 /* GiftInformationViewModel.swift in Sources */ = {isa = PBXBuildFile; fileRef = 53D196A52C7CF73400301C32 /* GiftInformationViewModel.swift */; };
		53E1F2CA2C736E29005A6297 /* UserDefaultManager.swift in Sources */ = {isa = PBXBuildFile; fileRef = 53E1F2A62C736E29005A6297 /* UserDefaultManager.swift */; };
		53E1F2CB2C736E29005A6297 /* HeaderContents.swift in Sources */ = {isa = PBXBuildFile; fileRef = 53E1F2A82C736E29005A6297 /* HeaderContents.swift */; };
		53E1F2CC2C736E29005A6297 /* NetworkError.swift in Sources */ = {isa = PBXBuildFile; fileRef = 53E1F2A92C736E29005A6297 /* NetworkError.swift */; };
		53E1F2CD2C736E29005A6297 /* RequestVersion.swift in Sources */ = {isa = PBXBuildFile; fileRef = 53E1F2AA2C736E29005A6297 /* RequestVersion.swift */; };
		53E1F2CE2C736E29005A6297 /* HTTPRequestable.swift in Sources */ = {isa = PBXBuildFile; fileRef = 53E1F2AC2C736E29005A6297 /* HTTPRequestable.swift */; };
		53E1F2CF2C736E29005A6297 /* HBDRequest.swift in Sources */ = {isa = PBXBuildFile; fileRef = 53E1F2AD2C736E29005A6297 /* HBDRequest.swift */; };
		53E1F2D02C736E29005A6297 /* NetworkManager.swift in Sources */ = {isa = PBXBuildFile; fileRef = 53E1F2AF2C736E29005A6297 /* NetworkManager.swift */; };
		53E1F2DA2C736E29005A6297 /* LoginResponse.swift in Sources */ = {isa = PBXBuildFile; fileRef = 53E1F2BF2C736E29005A6297 /* LoginResponse.swift */; };
		53E1F2DB2C736E29005A6297 /* LoginQuery.swift in Sources */ = {isa = PBXBuildFile; fileRef = 53E1F2C12C736E29005A6297 /* LoginQuery.swift */; };
		53E1F2DC2C736E29005A6297 /* SignInQuery.swift in Sources */ = {isa = PBXBuildFile; fileRef = 53E1F2C22C736E29005A6297 /* SignInQuery.swift */; };
		53E1F2E12C737045005A6297 /* Alamofire in Frameworks */ = {isa = PBXBuildFile; productRef = 53E1F2E02C737045005A6297 /* Alamofire */; };
		53E1F2E32C7376C6005A6297 /* UserModel.swift in Sources */ = {isa = PBXBuildFile; fileRef = 53E1F2E22C7376C6005A6297 /* UserModel.swift */; };
		53E1F2E52C738310005A6297 /* UpdateProfileModel.swift in Sources */ = {isa = PBXBuildFile; fileRef = 53E1F2E42C738310005A6297 /* UpdateProfileModel.swift */; };
/* End PBXBuildFile section */

/* Begin PBXFileReference section */
		5312712E2C7E352400F5AF25 /* MainSection.swift */ = {isa = PBXFileReference; lastKnownFileType = sourcecode.swift; path = MainSection.swift; sourceTree = "<group>"; };
		5320E8042C745EC600F01CC1 /* UserProfileResponse.swift */ = {isa = PBXFileReference; lastKnownFileType = sourcecode.swift; path = UserProfileResponse.swift; sourceTree = "<group>"; };
		5320E8072C747B4000F01CC1 /* ImageResponse.swift */ = {isa = PBXFileReference; lastKnownFileType = sourcecode.swift; path = ImageResponse.swift; sourceTree = "<group>"; };
		5320E8092C747D7100F01CC1 /* UploadPostQuery.swift */ = {isa = PBXFileReference; lastKnownFileType = sourcecode.swift; path = UploadPostQuery.swift; sourceTree = "<group>"; };
		5320E80B2C747F4F00F01CC1 /* PostResponse.swift */ = {isa = PBXFileReference; lastKnownFileType = sourcecode.swift; path = PostResponse.swift; sourceTree = "<group>"; };
		5320E80E2C74862F00F01CC1 /* PostModel.swift */ = {isa = PBXFileReference; lastKnownFileType = sourcecode.swift; path = PostModel.swift; sourceTree = "<group>"; };
		5320E8132C7488C300F01CC1 /* String+Extension.swift */ = {isa = PBXFileReference; lastKnownFileType = sourcecode.swift; path = "String+Extension.swift"; sourceTree = "<group>"; };
		534249A62C7C95B4005E0206 /* NaivagionBaseViewController.swift */ = {isa = PBXFileReference; lastKnownFileType = sourcecode.swift; path = NaivagionBaseViewController.swift; sourceTree = "<group>"; };
		534249A82C7C95EB005E0206 /* BlackLeftBarButtonItem.swift */ = {isa = PBXFileReference; lastKnownFileType = sourcecode.swift; path = BlackLeftBarButtonItem.swift; sourceTree = "<group>"; };
		534249AE2C7CE14A005E0206 /* GiftInformationView.swift */ = {isa = PBXFileReference; lastKnownFileType = sourcecode.swift; path = GiftInformationView.swift; sourceTree = "<group>"; };
		53456A5D2C72DF5D00FB2B48 /* HBD.app */ = {isa = PBXFileReference; explicitFileType = wrapper.application; includeInIndex = 0; path = HBD.app; sourceTree = BUILT_PRODUCTS_DIR; };
		53456A602C72DF5D00FB2B48 /* AppDelegate.swift */ = {isa = PBXFileReference; lastKnownFileType = sourcecode.swift; path = AppDelegate.swift; sourceTree = "<group>"; };
		53456A622C72DF5D00FB2B48 /* SceneDelegate.swift */ = {isa = PBXFileReference; lastKnownFileType = sourcecode.swift; path = SceneDelegate.swift; sourceTree = "<group>"; };
		53456A692C72DF5F00FB2B48 /* Assets.xcassets */ = {isa = PBXFileReference; lastKnownFileType = folder.assetcatalog; path = Assets.xcassets; sourceTree = "<group>"; };
		53456A6C2C72DF5F00FB2B48 /* Base */ = {isa = PBXFileReference; lastKnownFileType = file.storyboard; name = Base; path = Base.lproj/LaunchScreen.storyboard; sourceTree = "<group>"; };
		53456A6E2C72DF5F00FB2B48 /* Info.plist */ = {isa = PBXFileReference; lastKnownFileType = text.plist.xml; path = Info.plist; sourceTree = "<group>"; };
		53456A742C72E01200FB2B48 /* .gitignore */ = {isa = PBXFileReference; lastKnownFileType = text; path = .gitignore; sourceTree = "<group>"; };
		53A429192C74AC560019FC95 /* PostsResponse.swift */ = {isa = PBXFileReference; lastKnownFileType = sourcecode.swift; path = PostsResponse.swift; sourceTree = "<group>"; };
		53A4291B2C74AF9C0019FC95 /* LikeDTO.swift */ = {isa = PBXFileReference; lastKnownFileType = sourcecode.swift; path = LikeDTO.swift; sourceTree = "<group>"; };
		53A429372C7603C80019FC95 /* SearchUserReponse.swift */ = {isa = PBXFileReference; lastKnownFileType = sourcecode.swift; path = SearchUserReponse.swift; sourceTree = "<group>"; };
		53A429392C7605C80019FC95 /* FollowResponse.swift */ = {isa = PBXFileReference; lastKnownFileType = sourcecode.swift; path = FollowResponse.swift; sourceTree = "<group>"; };
		53A4293D2C760E8B0019FC95 /* MainTabBarController.swift */ = {isa = PBXFileReference; lastKnownFileType = sourcecode.swift; path = MainTabBarController.swift; sourceTree = "<group>"; };
		53A429402C7610150019FC95 /* Then.swift */ = {isa = PBXFileReference; lastKnownFileType = sourcecode.swift; path = Then.swift; sourceTree = "<group>"; };
		53A429432C76102D0019FC95 /* MainGiftViewController.swift */ = {isa = PBXFileReference; lastKnownFileType = sourcecode.swift; path = MainGiftViewController.swift; sourceTree = "<group>"; };
		53A429502C7610A10019FC95 /* ProfileCollectionViewCell.swift */ = {isa = PBXFileReference; lastKnownFileType = sourcecode.swift; path = ProfileCollectionViewCell.swift; sourceTree = "<group>"; };
		53A429552C7637830019FC95 /* ProfileView.swift */ = {isa = PBXFileReference; lastKnownFileType = sourcecode.swift; path = ProfileView.swift; sourceTree = "<group>"; };
		53A429572C7637B10019FC95 /* MainGiftViewModel.swift */ = {isa = PBXFileReference; lastKnownFileType = sourcecode.swift; path = MainGiftViewModel.swift; sourceTree = "<group>"; };
		53A429592C763A8C0019FC95 /* ReuseIdentifiable.swift */ = {isa = PBXFileReference; lastKnownFileType = sourcecode.swift; path = ReuseIdentifiable.swift; sourceTree = "<group>"; };
		53A429602C7651970019FC95 /* UIView+Extension.swift */ = {isa = PBXFileReference; lastKnownFileType = sourcecode.swift; path = "UIView+Extension.swift"; sourceTree = "<group>"; };
		53A429822C772EB90019FC95 /* ContentSize.swift */ = {isa = PBXFileReference; lastKnownFileType = sourcecode.swift; path = ContentSize.swift; sourceTree = "<group>"; };
		53BBBDC72C79BC1E00ADA499 /* GiftCollectionViewCell.swift */ = {isa = PBXFileReference; lastKnownFileType = sourcecode.swift; path = GiftCollectionViewCell.swift; sourceTree = "<group>"; };
		53BBBDC92C79C7D900ADA499 /* ContentUserProfileView.swift */ = {isa = PBXFileReference; lastKnownFileType = sourcecode.swift; path = ContentUserProfileView.swift; sourceTree = "<group>"; };
		53BBBDCF2C7B9CEA00ADA499 /* GiftCollectionViewCellViewModel.swift */ = {isa = PBXFileReference; lastKnownFileType = sourcecode.swift; path = GiftCollectionViewCellViewModel.swift; sourceTree = "<group>"; };
		53BBBDD22C7B9D7F00ADA499 /* DetailGiftViewController.swift */ = {isa = PBXFileReference; lastKnownFileType = sourcecode.swift; path = DetailGiftViewController.swift; sourceTree = "<group>"; };
		53BBBDD42C7B9E5D00ADA499 /* DetailGiftViewModel.swift */ = {isa = PBXFileReference; lastKnownFileType = sourcecode.swift; path = DetailGiftViewModel.swift; sourceTree = "<group>"; };
		53D196A52C7CF73400301C32 /* GiftInformationViewModel.swift */ = {isa = PBXFileReference; lastKnownFileType = sourcecode.swift; path = GiftInformationViewModel.swift; sourceTree = "<group>"; };
		53E1F2A32C736DA6005A6297 /* APIKey.xcconfig */ = {isa = PBXFileReference; lastKnownFileType = text.xcconfig; path = APIKey.xcconfig; sourceTree = "<group>"; };
		53E1F2A62C736E29005A6297 /* UserDefaultManager.swift */ = {isa = PBXFileReference; fileEncoding = 4; lastKnownFileType = sourcecode.swift; path = UserDefaultManager.swift; sourceTree = "<group>"; };
		53E1F2A82C736E29005A6297 /* HeaderContents.swift */ = {isa = PBXFileReference; fileEncoding = 4; lastKnownFileType = sourcecode.swift; path = HeaderContents.swift; sourceTree = "<group>"; };
		53E1F2A92C736E29005A6297 /* NetworkError.swift */ = {isa = PBXFileReference; fileEncoding = 4; lastKnownFileType = sourcecode.swift; path = NetworkError.swift; sourceTree = "<group>"; };
		53E1F2AA2C736E29005A6297 /* RequestVersion.swift */ = {isa = PBXFileReference; fileEncoding = 4; lastKnownFileType = sourcecode.swift; path = RequestVersion.swift; sourceTree = "<group>"; };
		53E1F2AC2C736E29005A6297 /* HTTPRequestable.swift */ = {isa = PBXFileReference; fileEncoding = 4; lastKnownFileType = sourcecode.swift; path = HTTPRequestable.swift; sourceTree = "<group>"; };
		53E1F2AD2C736E29005A6297 /* HBDRequest.swift */ = {isa = PBXFileReference; fileEncoding = 4; lastKnownFileType = sourcecode.swift; path = HBDRequest.swift; sourceTree = "<group>"; };
		53E1F2AF2C736E29005A6297 /* NetworkManager.swift */ = {isa = PBXFileReference; fileEncoding = 4; lastKnownFileType = sourcecode.swift; path = NetworkManager.swift; sourceTree = "<group>"; };
		53E1F2BF2C736E29005A6297 /* LoginResponse.swift */ = {isa = PBXFileReference; fileEncoding = 4; lastKnownFileType = sourcecode.swift; path = LoginResponse.swift; sourceTree = "<group>"; };
		53E1F2C12C736E29005A6297 /* LoginQuery.swift */ = {isa = PBXFileReference; fileEncoding = 4; lastKnownFileType = sourcecode.swift; path = LoginQuery.swift; sourceTree = "<group>"; };
		53E1F2C22C736E29005A6297 /* SignInQuery.swift */ = {isa = PBXFileReference; fileEncoding = 4; lastKnownFileType = sourcecode.swift; path = SignInQuery.swift; sourceTree = "<group>"; };
		53E1F2E22C7376C6005A6297 /* UserModel.swift */ = {isa = PBXFileReference; lastKnownFileType = sourcecode.swift; path = UserModel.swift; sourceTree = "<group>"; };
		53E1F2E42C738310005A6297 /* UpdateProfileModel.swift */ = {isa = PBXFileReference; lastKnownFileType = sourcecode.swift; path = UpdateProfileModel.swift; sourceTree = "<group>"; };
/* End PBXFileReference section */

/* Begin PBXFrameworksBuildPhase section */
		53456A5A2C72DF5D00FB2B48 /* Frameworks */ = {
			isa = PBXFrameworksBuildPhase;
			buildActionMask = 2147483647;
			files = (
				53A4294A2C7610530019FC95 /* RxCocoa in Frameworks */,
				53A4295D2C763DF30019FC95 /* Differentiator in Frameworks */,
				53BBBDCD2C79CC1600ADA499 /* Kingfisher in Frameworks */,
				53E1F2E12C737045005A6297 /* Alamofire in Frameworks */,
				53A4295F2C763DF30019FC95 /* RxDataSources in Frameworks */,
				53A4294C2C7610530019FC95 /* RxSwift in Frameworks */,
				53A429472C7610400019FC95 /* SnapKit in Frameworks */,
			);
			runOnlyForDeploymentPostprocessing = 0;
		};
/* End PBXFrameworksBuildPhase section */

/* Begin PBXGroup section */
		5312712D2C7E350C00F5AF25 /* Section */ = {
			isa = PBXGroup;
			children = (
				5312712E2C7E352400F5AF25 /* MainSection.swift */,
			);
			path = Section;
			sourceTree = "<group>";
		};
		5320E8122C7488B400F01CC1 /* Extension */ = {
			isa = PBXGroup;
			children = (
				5320E8132C7488C300F01CC1 /* String+Extension.swift */,
				53A429602C7651970019FC95 /* UIView+Extension.swift */,
			);
			path = Extension;
			sourceTree = "<group>";
		};
		534249A52C7C95A5005E0206 /* Navigation */ = {
			isa = PBXGroup;
			children = (
				534249A62C7C95B4005E0206 /* NaivagionBaseViewController.swift */,
				534249A82C7C95EB005E0206 /* BlackLeftBarButtonItem.swift */,
			);
			path = Navigation;
			sourceTree = "<group>";
		};
		53456A542C72DF5D00FB2B48 = {
			isa = PBXGroup;
			children = (
				53456A742C72E01200FB2B48 /* .gitignore */,
				53456A5F2C72DF5D00FB2B48 /* HBD */,
				53456A5E2C72DF5D00FB2B48 /* Products */,
			);
			sourceTree = "<group>";
		};
		53456A5E2C72DF5D00FB2B48 /* Products */ = {
			isa = PBXGroup;
			children = (
				53456A5D2C72DF5D00FB2B48 /* HBD.app */,
			);
			name = Products;
			sourceTree = "<group>";
		};
		53456A5F2C72DF5D00FB2B48 /* HBD */ = {
			isa = PBXGroup;
			children = (
				53A429522C7637640019FC95 /* SystemDesign */,
				53A4293F2C76100F0019FC95 /* Utility */,
				53A4293B2C760E6D0019FC95 /* View */,
				5320E8122C7488B400F01CC1 /* Extension */,
				53E1F2A72C736E29005A6297 /* UserDefault */,
				53E1F2C62C736E29005A6297 /* DataModel */,
				53E1F2B12C736E29005A6297 /* Network */,
				53456A602C72DF5D00FB2B48 /* AppDelegate.swift */,
				53456A622C72DF5D00FB2B48 /* SceneDelegate.swift */,
				53456A692C72DF5F00FB2B48 /* Assets.xcassets */,
				53456A6B2C72DF5F00FB2B48 /* LaunchScreen.storyboard */,
				53456A6E2C72DF5F00FB2B48 /* Info.plist */,
				53E1F2A32C736DA6005A6297 /* APIKey.xcconfig */,
			);
			path = HBD;
			sourceTree = "<group>";
		};
		53A4293B2C760E6D0019FC95 /* View */ = {
			isa = PBXGroup;
			children = (
				53A429422C7610270019FC95 /* Main */,
				53A4293C2C760E7D0019FC95 /* TabBar */,
			);
			path = View;
			sourceTree = "<group>";
		};
		53A4293C2C760E7D0019FC95 /* TabBar */ = {
			isa = PBXGroup;
			children = (
				53A4293D2C760E8B0019FC95 /* MainTabBarController.swift */,
			);
			path = TabBar;
			sourceTree = "<group>";
		};
		53A4293F2C76100F0019FC95 /* Utility */ = {
			isa = PBXGroup;
			children = (
				53A429402C7610150019FC95 /* Then.swift */,
				53A429592C763A8C0019FC95 /* ReuseIdentifiable.swift */,
			);
			path = Utility;
			sourceTree = "<group>";
		};
		53A429422C7610270019FC95 /* Main */ = {
			isa = PBXGroup;
			children = (
				5312712D2C7E350C00F5AF25 /* Section */,
				53A4294F2C7610860019FC95 /* ViewModel */,
				53A4294D2C7610790019FC95 /* View */,
			);
			path = Main;
			sourceTree = "<group>";
		};
		53A4294D2C7610790019FC95 /* View */ = {
			isa = PBXGroup;
			children = (
				53A4294E2C7610810019FC95 /* Cell */,
				53A429432C76102D0019FC95 /* MainGiftViewController.swift */,
				53BBBDD22C7B9D7F00ADA499 /* DetailGiftViewController.swift */,
				534249AE2C7CE14A005E0206 /* GiftInformationView.swift */,
			);
			path = View;
			sourceTree = "<group>";
		};
		53A4294E2C7610810019FC95 /* Cell */ = {
			isa = PBXGroup;
			children = (
				53A429502C7610A10019FC95 /* ProfileCollectionViewCell.swift */,
				53BBBDC72C79BC1E00ADA499 /* GiftCollectionViewCell.swift */,
				53BBBDCF2C7B9CEA00ADA499 /* GiftCollectionViewCellViewModel.swift */,
			);
			path = Cell;
			sourceTree = "<group>";
		};
		53A4294F2C7610860019FC95 /* ViewModel */ = {
			isa = PBXGroup;
			children = (
				53A429572C7637B10019FC95 /* MainGiftViewModel.swift */,
				53BBBDD42C7B9E5D00ADA499 /* DetailGiftViewModel.swift */,
				53D196A52C7CF73400301C32 /* GiftInformationViewModel.swift */,
			);
			path = ViewModel;
			sourceTree = "<group>";
		};
		53A429522C7637640019FC95 /* SystemDesign */ = {
			isa = PBXGroup;
			children = (
				53A429532C76376E0019FC95 /* Components */,
			);
			path = SystemDesign;
			sourceTree = "<group>";
		};
		53A429532C76376E0019FC95 /* Components */ = {
			isa = PBXGroup;
			children = (
				534249A52C7C95A5005E0206 /* Navigation */,
				53A429812C772EB40019FC95 /* Enum */,
				53A429542C7637790019FC95 /* Profile */,
			);
			path = Components;
			sourceTree = "<group>";
		};
		53A429542C7637790019FC95 /* Profile */ = {
			isa = PBXGroup;
			children = (
				53A429552C7637830019FC95 /* ProfileView.swift */,
				53BBBDC92C79C7D900ADA499 /* ContentUserProfileView.swift */,
			);
			path = Profile;
			sourceTree = "<group>";
		};
		53A429812C772EB40019FC95 /* Enum */ = {
			isa = PBXGroup;
			children = (
				53A429822C772EB90019FC95 /* ContentSize.swift */,
			);
			path = Enum;
			sourceTree = "<group>";
		};
		53E1F2A72C736E29005A6297 /* UserDefault */ = {
			isa = PBXGroup;
			children = (
				53E1F2A62C736E29005A6297 /* UserDefaultManager.swift */,
			);
			path = UserDefault;
			sourceTree = "<group>";
		};
		53E1F2AB2C736E29005A6297 /* Enum */ = {
			isa = PBXGroup;
			children = (
				53E1F2A82C736E29005A6297 /* HeaderContents.swift */,
				53E1F2A92C736E29005A6297 /* NetworkError.swift */,
				53E1F2AA2C736E29005A6297 /* RequestVersion.swift */,
			);
			path = Enum;
			sourceTree = "<group>";
		};
		53E1F2AE2C736E29005A6297 /* HTTPRequestBuilder */ = {
			isa = PBXGroup;
			children = (
				53E1F2AC2C736E29005A6297 /* HTTPRequestable.swift */,
				53E1F2AD2C736E29005A6297 /* HBDRequest.swift */,
			);
			path = HTTPRequestBuilder;
			sourceTree = "<group>";
		};
		53E1F2B02C736E29005A6297 /* Implement */ = {
			isa = PBXGroup;
			children = (
				53E1F2AF2C736E29005A6297 /* NetworkManager.swift */,
			);
			path = Implement;
			sourceTree = "<group>";
		};
		53E1F2B12C736E29005A6297 /* Network */ = {
			isa = PBXGroup;
			children = (
				53E1F2AB2C736E29005A6297 /* Enum */,
				53E1F2AE2C736E29005A6297 /* HTTPRequestBuilder */,
				53E1F2B02C736E29005A6297 /* Implement */,
			);
			path = Network;
			sourceTree = "<group>";
		};
		53E1F2BE2C736E29005A6297 /* Codable */ = {
			isa = PBXGroup;
			children = (
				53A4291B2C74AF9C0019FC95 /* LikeDTO.swift */,
			);
			path = Codable;
			sourceTree = "<group>";
		};
		53E1F2C02C736E29005A6297 /* Decodable */ = {
			isa = PBXGroup;
			children = (
				53E1F2BF2C736E29005A6297 /* LoginResponse.swift */,
				5320E8042C745EC600F01CC1 /* UserProfileResponse.swift */,
				5320E8072C747B4000F01CC1 /* ImageResponse.swift */,
				5320E80B2C747F4F00F01CC1 /* PostResponse.swift */,
				53A429192C74AC560019FC95 /* PostsResponse.swift */,
				53A429372C7603C80019FC95 /* SearchUserReponse.swift */,
				53A429392C7605C80019FC95 /* FollowResponse.swift */,
			);
			path = Decodable;
			sourceTree = "<group>";
		};
		53E1F2C32C736E29005A6297 /* Encodable */ = {
			isa = PBXGroup;
			children = (
				5320E8092C747D7100F01CC1 /* UploadPostQuery.swift */,
				53E1F2C12C736E29005A6297 /* LoginQuery.swift */,
				53E1F2C22C736E29005A6297 /* SignInQuery.swift */,
			);
			path = Encodable;
			sourceTree = "<group>";
		};
		53E1F2C42C736E29005A6297 /* DTO */ = {
			isa = PBXGroup;
			children = (
				53E1F2BE2C736E29005A6297 /* Codable */,
				53E1F2C02C736E29005A6297 /* Decodable */,
				53E1F2C32C736E29005A6297 /* Encodable */,
			);
			path = DTO;
			sourceTree = "<group>";
		};
		53E1F2C52C736E29005A6297 /* Model */ = {
			isa = PBXGroup;
			children = (
				53E1F2E22C7376C6005A6297 /* UserModel.swift */,
				53E1F2E42C738310005A6297 /* UpdateProfileModel.swift */,
				5320E80E2C74862F00F01CC1 /* PostModel.swift */,
			);
			path = Model;
			sourceTree = "<group>";
		};
		53E1F2C62C736E29005A6297 /* DataModel */ = {
			isa = PBXGroup;
			children = (
				53E1F2C42C736E29005A6297 /* DTO */,
				53E1F2C52C736E29005A6297 /* Model */,
			);
			path = DataModel;
			sourceTree = "<group>";
		};
/* End PBXGroup section */

/* Begin PBXNativeTarget section */
		53456A5C2C72DF5D00FB2B48 /* HBD */ = {
			isa = PBXNativeTarget;
			buildConfigurationList = 53456A712C72DF5F00FB2B48 /* Build configuration list for PBXNativeTarget "HBD" */;
			buildPhases = (
				53456A592C72DF5D00FB2B48 /* Sources */,
				53456A5A2C72DF5D00FB2B48 /* Frameworks */,
				53456A5B2C72DF5D00FB2B48 /* Resources */,
			);
			buildRules = (
			);
			dependencies = (
			);
			name = HBD;
			packageProductDependencies = (
				53E1F2E02C737045005A6297 /* Alamofire */,
				53A429462C7610400019FC95 /* SnapKit */,
				53A429492C7610530019FC95 /* RxCocoa */,
				53A4294B2C7610530019FC95 /* RxSwift */,
				53A4295C2C763DF30019FC95 /* Differentiator */,
				53A4295E2C763DF30019FC95 /* RxDataSources */,
				53BBBDCC2C79CC1600ADA499 /* Kingfisher */,
			);
			productName = HBD;
			productReference = 53456A5D2C72DF5D00FB2B48 /* HBD.app */;
			productType = "com.apple.product-type.application";
		};
/* End PBXNativeTarget section */

/* Begin PBXProject section */
		53456A552C72DF5D00FB2B48 /* Project object */ = {
			isa = PBXProject;
			attributes = {
				BuildIndependentTargetsInParallel = 1;
				LastSwiftUpdateCheck = 1530;
				LastUpgradeCheck = 1530;
				TargetAttributes = {
					53456A5C2C72DF5D00FB2B48 = {
						CreatedOnToolsVersion = 15.3;
					};
				};
			};
			buildConfigurationList = 53456A582C72DF5D00FB2B48 /* Build configuration list for PBXProject "HBD" */;
			compatibilityVersion = "Xcode 14.0";
			developmentRegion = en;
			hasScannedForEncodings = 0;
			knownRegions = (
				en,
				Base,
			);
			mainGroup = 53456A542C72DF5D00FB2B48;
			packageReferences = (
				53E1F2DF2C737045005A6297 /* XCRemoteSwiftPackageReference "Alamofire" */,
				53A429452C7610400019FC95 /* XCRemoteSwiftPackageReference "SnapKit" */,
				53A429482C7610530019FC95 /* XCRemoteSwiftPackageReference "RxSwift" */,
				53A4295B2C763DF30019FC95 /* XCRemoteSwiftPackageReference "RxDataSources" */,
				53BBBDCB2C79CC1600ADA499 /* XCRemoteSwiftPackageReference "Kingfisher" */,
			);
			productRefGroup = 53456A5E2C72DF5D00FB2B48 /* Products */;
			projectDirPath = "";
			projectRoot = "";
			targets = (
				53456A5C2C72DF5D00FB2B48 /* HBD */,
			);
		};
/* End PBXProject section */

/* Begin PBXResourcesBuildPhase section */
		53456A5B2C72DF5D00FB2B48 /* Resources */ = {
			isa = PBXResourcesBuildPhase;
			buildActionMask = 2147483647;
			files = (
				53456A6A2C72DF5F00FB2B48 /* Assets.xcassets in Resources */,
				53456A752C72E01200FB2B48 /* .gitignore in Resources */,
				53456A6D2C72DF5F00FB2B48 /* Base in Resources */,
			);
			runOnlyForDeploymentPostprocessing = 0;
		};
/* End PBXResourcesBuildPhase section */

/* Begin PBXSourcesBuildPhase section */
		53456A592C72DF5D00FB2B48 /* Sources */ = {
			isa = PBXSourcesBuildPhase;
			buildActionMask = 2147483647;
			files = (
				5320E80F2C74862F00F01CC1 /* PostModel.swift in Sources */,
				5320E8082C747B4000F01CC1 /* ImageResponse.swift in Sources */,
				53A429382C7603C80019FC95 /* SearchUserReponse.swift in Sources */,
				53E1F2CC2C736E29005A6297 /* NetworkError.swift in Sources */,
				534249AF2C7CE14A005E0206 /* GiftInformationView.swift in Sources */,
				53E1F2CE2C736E29005A6297 /* HTTPRequestable.swift in Sources */,
				53BBBDD52C7B9E5D00ADA499 /* DetailGiftViewModel.swift in Sources */,
				53A429832C772EB90019FC95 /* ContentSize.swift in Sources */,
				53A429582C7637B10019FC95 /* MainGiftViewModel.swift in Sources */,
				53E1F2CF2C736E29005A6297 /* HBDRequest.swift in Sources */,
				53E1F2E52C738310005A6297 /* UpdateProfileModel.swift in Sources */,
				53E1F2DC2C736E29005A6297 /* SignInQuery.swift in Sources */,
				5320E8142C7488C300F01CC1 /* String+Extension.swift in Sources */,
				5320E80A2C747D7100F01CC1 /* UploadPostQuery.swift in Sources */,
				53E1F2D02C736E29005A6297 /* NetworkManager.swift in Sources */,
				53BBBDD02C7B9CEA00ADA499 /* GiftCollectionViewCellViewModel.swift in Sources */,
				53A429562C7637830019FC95 /* ProfileView.swift in Sources */,
				53BBBDC82C79BC1E00ADA499 /* GiftCollectionViewCell.swift in Sources */,
				53E1F2DB2C736E29005A6297 /* LoginQuery.swift in Sources */,
				53A4293A2C7605C80019FC95 /* FollowResponse.swift in Sources */,
				53BBBDD32C7B9D7F00ADA499 /* DetailGiftViewController.swift in Sources */,
				53A4291A2C74AC560019FC95 /* PostsResponse.swift in Sources */,
				53BBBDCA2C79C7D900ADA499 /* ContentUserProfileView.swift in Sources */,
				534249A72C7C95B4005E0206 /* NaivagionBaseViewController.swift in Sources */,
				534249A92C7C95EB005E0206 /* BlackLeftBarButtonItem.swift in Sources */,
				53456A612C72DF5D00FB2B48 /* AppDelegate.swift in Sources */,
				5312712F2C7E352400F5AF25 /* MainSection.swift in Sources */,
				53E1F2E32C7376C6005A6297 /* UserModel.swift in Sources */,
				53A429612C7651970019FC95 /* UIView+Extension.swift in Sources */,
				53A4295A2C763A8C0019FC95 /* ReuseIdentifiable.swift in Sources */,
				53456A632C72DF5D00FB2B48 /* SceneDelegate.swift in Sources */,
				53E1F2CB2C736E29005A6297 /* HeaderContents.swift in Sources */,
				53A4291C2C74AF9C0019FC95 /* LikeDTO.swift in Sources */,
				53A4293E2C760E8B0019FC95 /* MainTabBarController.swift in Sources */,
				53A429512C7610A10019FC95 /* ProfileCollectionViewCell.swift in Sources */,
				53A429412C7610150019FC95 /* Then.swift in Sources */,
				53E1F2CD2C736E29005A6297 /* RequestVersion.swift in Sources */,
				53E1F2DA2C736E29005A6297 /* LoginResponse.swift in Sources */,
				53E1F2CA2C736E29005A6297 /* UserDefaultManager.swift in Sources */,
				53A429442C76102D0019FC95 /* MainGiftViewController.swift in Sources */,
				5320E80C2C747F4F00F01CC1 /* PostResponse.swift in Sources */,
				5320E8052C745EC600F01CC1 /* UserProfileResponse.swift in Sources */,
				53D196A62C7CF73400301C32 /* GiftInformationViewModel.swift in Sources */,
			);
			runOnlyForDeploymentPostprocessing = 0;
		};
/* End PBXSourcesBuildPhase section */

/* Begin PBXVariantGroup section */
		53456A6B2C72DF5F00FB2B48 /* LaunchScreen.storyboard */ = {
			isa = PBXVariantGroup;
			children = (
				53456A6C2C72DF5F00FB2B48 /* Base */,
			);
			name = LaunchScreen.storyboard;
			sourceTree = "<group>";
		};
/* End PBXVariantGroup section */

/* Begin XCBuildConfiguration section */
		53456A6F2C72DF5F00FB2B48 /* Debug */ = {
			isa = XCBuildConfiguration;
			buildSettings = {
				ALWAYS_SEARCH_USER_PATHS = NO;
				ASSETCATALOG_COMPILER_GENERATE_SWIFT_ASSET_SYMBOL_EXTENSIONS = YES;
				CLANG_ANALYZER_NONNULL = YES;
				CLANG_ANALYZER_NUMBER_OBJECT_CONVERSION = YES_AGGRESSIVE;
				CLANG_CXX_LANGUAGE_STANDARD = "gnu++20";
				CLANG_ENABLE_MODULES = YES;
				CLANG_ENABLE_OBJC_ARC = YES;
				CLANG_ENABLE_OBJC_WEAK = YES;
				CLANG_WARN_BLOCK_CAPTURE_AUTORELEASING = YES;
				CLANG_WARN_BOOL_CONVERSION = YES;
				CLANG_WARN_COMMA = YES;
				CLANG_WARN_CONSTANT_CONVERSION = YES;
				CLANG_WARN_DEPRECATED_OBJC_IMPLEMENTATIONS = YES;
				CLANG_WARN_DIRECT_OBJC_ISA_USAGE = YES_ERROR;
				CLANG_WARN_DOCUMENTATION_COMMENTS = YES;
				CLANG_WARN_EMPTY_BODY = YES;
				CLANG_WARN_ENUM_CONVERSION = YES;
				CLANG_WARN_INFINITE_RECURSION = YES;
				CLANG_WARN_INT_CONVERSION = YES;
				CLANG_WARN_NON_LITERAL_NULL_CONVERSION = YES;
				CLANG_WARN_OBJC_IMPLICIT_RETAIN_SELF = YES;
				CLANG_WARN_OBJC_LITERAL_CONVERSION = YES;
				CLANG_WARN_OBJC_ROOT_CLASS = YES_ERROR;
				CLANG_WARN_QUOTED_INCLUDE_IN_FRAMEWORK_HEADER = YES;
				CLANG_WARN_RANGE_LOOP_ANALYSIS = YES;
				CLANG_WARN_STRICT_PROTOTYPES = YES;
				CLANG_WARN_SUSPICIOUS_MOVE = YES;
				CLANG_WARN_UNGUARDED_AVAILABILITY = YES_AGGRESSIVE;
				CLANG_WARN_UNREACHABLE_CODE = YES;
				CLANG_WARN__DUPLICATE_METHOD_MATCH = YES;
				COPY_PHASE_STRIP = NO;
				DEBUG_INFORMATION_FORMAT = dwarf;
				ENABLE_STRICT_OBJC_MSGSEND = YES;
				ENABLE_TESTABILITY = YES;
				ENABLE_USER_SCRIPT_SANDBOXING = YES;
				GCC_C_LANGUAGE_STANDARD = gnu17;
				GCC_DYNAMIC_NO_PIC = NO;
				GCC_NO_COMMON_BLOCKS = YES;
				GCC_OPTIMIZATION_LEVEL = 0;
				GCC_PREPROCESSOR_DEFINITIONS = (
					"DEBUG=1",
					"$(inherited)",
				);
				GCC_WARN_64_TO_32_BIT_CONVERSION = YES;
				GCC_WARN_ABOUT_RETURN_TYPE = YES_ERROR;
				GCC_WARN_UNDECLARED_SELECTOR = YES;
				GCC_WARN_UNINITIALIZED_AUTOS = YES_AGGRESSIVE;
				GCC_WARN_UNUSED_FUNCTION = YES;
				GCC_WARN_UNUSED_VARIABLE = YES;
				IPHONEOS_DEPLOYMENT_TARGET = 17.4;
				LOCALIZATION_PREFERS_STRING_CATALOGS = YES;
				MTL_ENABLE_DEBUG_INFO = INCLUDE_SOURCE;
				MTL_FAST_MATH = YES;
				ONLY_ACTIVE_ARCH = YES;
				SDKROOT = iphoneos;
				SWIFT_ACTIVE_COMPILATION_CONDITIONS = "DEBUG $(inherited)";
				SWIFT_OPTIMIZATION_LEVEL = "-Onone";
			};
			name = Debug;
		};
		53456A702C72DF5F00FB2B48 /* Release */ = {
			isa = XCBuildConfiguration;
			buildSettings = {
				ALWAYS_SEARCH_USER_PATHS = NO;
				ASSETCATALOG_COMPILER_GENERATE_SWIFT_ASSET_SYMBOL_EXTENSIONS = YES;
				CLANG_ANALYZER_NONNULL = YES;
				CLANG_ANALYZER_NUMBER_OBJECT_CONVERSION = YES_AGGRESSIVE;
				CLANG_CXX_LANGUAGE_STANDARD = "gnu++20";
				CLANG_ENABLE_MODULES = YES;
				CLANG_ENABLE_OBJC_ARC = YES;
				CLANG_ENABLE_OBJC_WEAK = YES;
				CLANG_WARN_BLOCK_CAPTURE_AUTORELEASING = YES;
				CLANG_WARN_BOOL_CONVERSION = YES;
				CLANG_WARN_COMMA = YES;
				CLANG_WARN_CONSTANT_CONVERSION = YES;
				CLANG_WARN_DEPRECATED_OBJC_IMPLEMENTATIONS = YES;
				CLANG_WARN_DIRECT_OBJC_ISA_USAGE = YES_ERROR;
				CLANG_WARN_DOCUMENTATION_COMMENTS = YES;
				CLANG_WARN_EMPTY_BODY = YES;
				CLANG_WARN_ENUM_CONVERSION = YES;
				CLANG_WARN_INFINITE_RECURSION = YES;
				CLANG_WARN_INT_CONVERSION = YES;
				CLANG_WARN_NON_LITERAL_NULL_CONVERSION = YES;
				CLANG_WARN_OBJC_IMPLICIT_RETAIN_SELF = YES;
				CLANG_WARN_OBJC_LITERAL_CONVERSION = YES;
				CLANG_WARN_OBJC_ROOT_CLASS = YES_ERROR;
				CLANG_WARN_QUOTED_INCLUDE_IN_FRAMEWORK_HEADER = YES;
				CLANG_WARN_RANGE_LOOP_ANALYSIS = YES;
				CLANG_WARN_STRICT_PROTOTYPES = YES;
				CLANG_WARN_SUSPICIOUS_MOVE = YES;
				CLANG_WARN_UNGUARDED_AVAILABILITY = YES_AGGRESSIVE;
				CLANG_WARN_UNREACHABLE_CODE = YES;
				CLANG_WARN__DUPLICATE_METHOD_MATCH = YES;
				COPY_PHASE_STRIP = NO;
				DEBUG_INFORMATION_FORMAT = "dwarf-with-dsym";
				ENABLE_NS_ASSERTIONS = NO;
				ENABLE_STRICT_OBJC_MSGSEND = YES;
				ENABLE_USER_SCRIPT_SANDBOXING = YES;
				GCC_C_LANGUAGE_STANDARD = gnu17;
				GCC_NO_COMMON_BLOCKS = YES;
				GCC_WARN_64_TO_32_BIT_CONVERSION = YES;
				GCC_WARN_ABOUT_RETURN_TYPE = YES_ERROR;
				GCC_WARN_UNDECLARED_SELECTOR = YES;
				GCC_WARN_UNINITIALIZED_AUTOS = YES_AGGRESSIVE;
				GCC_WARN_UNUSED_FUNCTION = YES;
				GCC_WARN_UNUSED_VARIABLE = YES;
				IPHONEOS_DEPLOYMENT_TARGET = 17.4;
				LOCALIZATION_PREFERS_STRING_CATALOGS = YES;
				MTL_ENABLE_DEBUG_INFO = NO;
				MTL_FAST_MATH = YES;
				SDKROOT = iphoneos;
				SWIFT_COMPILATION_MODE = wholemodule;
				VALIDATE_PRODUCT = YES;
			};
			name = Release;
		};
		53456A722C72DF5F00FB2B48 /* Debug */ = {
			isa = XCBuildConfiguration;
			baseConfigurationReference = 53E1F2A32C736DA6005A6297 /* APIKey.xcconfig */;
			buildSettings = {
				ASSETCATALOG_COMPILER_APPICON_NAME = AppIcon;
				ASSETCATALOG_COMPILER_GLOBAL_ACCENT_COLOR_NAME = AccentColor;
				CODE_SIGN_STYLE = Automatic;
				CURRENT_PROJECT_VERSION = 1;
				DEVELOPMENT_TEAM = CX8P4D8Z7M;
				GENERATE_INFOPLIST_FILE = YES;
				INFOPLIST_FILE = HBD/Info.plist;
				INFOPLIST_KEY_UIApplicationSupportsIndirectInputEvents = YES;
				INFOPLIST_KEY_UILaunchStoryboardName = LaunchScreen;
				INFOPLIST_KEY_UISupportedInterfaceOrientations_iPad = "UIInterfaceOrientationPortrait UIInterfaceOrientationPortraitUpsideDown UIInterfaceOrientationLandscapeLeft UIInterfaceOrientationLandscapeRight";
				INFOPLIST_KEY_UISupportedInterfaceOrientations_iPhone = "UIInterfaceOrientationPortrait UIInterfaceOrientationLandscapeLeft UIInterfaceOrientationLandscapeRight";
				LD_RUNPATH_SEARCH_PATHS = (
					"$(inherited)",
					"@executable_path/Frameworks",
				);
				MARKETING_VERSION = 1.0;
				PRODUCT_BUNDLE_IDENTIFIER = sk.HBD;
				PRODUCT_NAME = "$(TARGET_NAME)";
				SWIFT_EMIT_LOC_STRINGS = YES;
				SWIFT_VERSION = 5.0;
				TARGETED_DEVICE_FAMILY = "1,2";
			};
			name = Debug;
		};
		53456A732C72DF5F00FB2B48 /* Release */ = {
			isa = XCBuildConfiguration;
			buildSettings = {
				ASSETCATALOG_COMPILER_APPICON_NAME = AppIcon;
				ASSETCATALOG_COMPILER_GLOBAL_ACCENT_COLOR_NAME = AccentColor;
				CODE_SIGN_STYLE = Automatic;
				CURRENT_PROJECT_VERSION = 1;
				DEVELOPMENT_TEAM = CX8P4D8Z7M;
				GENERATE_INFOPLIST_FILE = YES;
				INFOPLIST_FILE = HBD/Info.plist;
				INFOPLIST_KEY_UIApplicationSupportsIndirectInputEvents = YES;
				INFOPLIST_KEY_UILaunchStoryboardName = LaunchScreen;
				INFOPLIST_KEY_UISupportedInterfaceOrientations_iPad = "UIInterfaceOrientationPortrait UIInterfaceOrientationPortraitUpsideDown UIInterfaceOrientationLandscapeLeft UIInterfaceOrientationLandscapeRight";
				INFOPLIST_KEY_UISupportedInterfaceOrientations_iPhone = "UIInterfaceOrientationPortrait UIInterfaceOrientationLandscapeLeft UIInterfaceOrientationLandscapeRight";
				LD_RUNPATH_SEARCH_PATHS = (
					"$(inherited)",
					"@executable_path/Frameworks",
				);
				MARKETING_VERSION = 1.0;
				PRODUCT_BUNDLE_IDENTIFIER = sk.HBD;
				PRODUCT_NAME = "$(TARGET_NAME)";
				SWIFT_EMIT_LOC_STRINGS = YES;
				SWIFT_VERSION = 5.0;
				TARGETED_DEVICE_FAMILY = "1,2";
			};
			name = Release;
		};
/* End XCBuildConfiguration section */

/* Begin XCConfigurationList section */
		53456A582C72DF5D00FB2B48 /* Build configuration list for PBXProject "HBD" */ = {
			isa = XCConfigurationList;
			buildConfigurations = (
				53456A6F2C72DF5F00FB2B48 /* Debug */,
				53456A702C72DF5F00FB2B48 /* Release */,
			);
			defaultConfigurationIsVisible = 0;
			defaultConfigurationName = Release;
		};
		53456A712C72DF5F00FB2B48 /* Build configuration list for PBXNativeTarget "HBD" */ = {
			isa = XCConfigurationList;
			buildConfigurations = (
				53456A722C72DF5F00FB2B48 /* Debug */,
				53456A732C72DF5F00FB2B48 /* Release */,
			);
			defaultConfigurationIsVisible = 0;
			defaultConfigurationName = Release;
		};
/* End XCConfigurationList section */

/* Begin XCRemoteSwiftPackageReference section */
		53A429452C7610400019FC95 /* XCRemoteSwiftPackageReference "SnapKit" */ = {
			isa = XCRemoteSwiftPackageReference;
			repositoryURL = "https://github.com/SnapKit/SnapKit.git";
			requirement = {
				kind = upToNextMajorVersion;
				minimumVersion = 5.7.1;
			};
		};
		53A429482C7610530019FC95 /* XCRemoteSwiftPackageReference "RxSwift" */ = {
			isa = XCRemoteSwiftPackageReference;
			repositoryURL = "https://github.com/ReactiveX/RxSwift.git";
			requirement = {
				kind = upToNextMajorVersion;
				minimumVersion = 6.7.1;
			};
		};
		53A4295B2C763DF30019FC95 /* XCRemoteSwiftPackageReference "RxDataSources" */ = {
			isa = XCRemoteSwiftPackageReference;
			repositoryURL = "https://github.com/RxSwiftCommunity/RxDataSources.git";
			requirement = {
				kind = upToNextMajorVersion;
				minimumVersion = 5.0.2;
			};
		};
		53BBBDCB2C79CC1600ADA499 /* XCRemoteSwiftPackageReference "Kingfisher" */ = {
			isa = XCRemoteSwiftPackageReference;
			repositoryURL = "https://github.com/onevcat/Kingfisher.git";
			requirement = {
				kind = upToNextMajorVersion;
				minimumVersion = 7.12.0;
			};
		};
		53E1F2DF2C737045005A6297 /* XCRemoteSwiftPackageReference "Alamofire" */ = {
			isa = XCRemoteSwiftPackageReference;
			repositoryURL = "https://github.com/Alamofire/Alamofire.git";
			requirement = {
				kind = upToNextMajorVersion;
				minimumVersion = 5.9.1;
			};
		};
/* End XCRemoteSwiftPackageReference section */

/* Begin XCSwiftPackageProductDependency section */
		53A429462C7610400019FC95 /* SnapKit */ = {
			isa = XCSwiftPackageProductDependency;
			package = 53A429452C7610400019FC95 /* XCRemoteSwiftPackageReference "SnapKit" */;
			productName = SnapKit;
		};
		53A429492C7610530019FC95 /* RxCocoa */ = {
			isa = XCSwiftPackageProductDependency;
			package = 53A429482C7610530019FC95 /* XCRemoteSwiftPackageReference "RxSwift" */;
			productName = RxCocoa;
		};
		53A4294B2C7610530019FC95 /* RxSwift */ = {
			isa = XCSwiftPackageProductDependency;
			package = 53A429482C7610530019FC95 /* XCRemoteSwiftPackageReference "RxSwift" */;
			productName = RxSwift;
		};
		53A4295C2C763DF30019FC95 /* Differentiator */ = {
			isa = XCSwiftPackageProductDependency;
			package = 53A4295B2C763DF30019FC95 /* XCRemoteSwiftPackageReference "RxDataSources" */;
			productName = Differentiator;
		};
		53A4295E2C763DF30019FC95 /* RxDataSources */ = {
			isa = XCSwiftPackageProductDependency;
			package = 53A4295B2C763DF30019FC95 /* XCRemoteSwiftPackageReference "RxDataSources" */;
			productName = RxDataSources;
		};
		53BBBDCC2C79CC1600ADA499 /* Kingfisher */ = {
			isa = XCSwiftPackageProductDependency;
			package = 53BBBDCB2C79CC1600ADA499 /* XCRemoteSwiftPackageReference "Kingfisher" */;
			productName = Kingfisher;
		};
		53E1F2E02C737045005A6297 /* Alamofire */ = {
			isa = XCSwiftPackageProductDependency;
			package = 53E1F2DF2C737045005A6297 /* XCRemoteSwiftPackageReference "Alamofire" */;
			productName = Alamofire;
		};
/* End XCSwiftPackageProductDependency section */
	};
	rootObject = 53456A552C72DF5D00FB2B48 /* Project object */;
}
